// !$*UTF8*$!
{
	archiveVersion = 1;
	classes = {
	};
	objectVersion = 77;
	objects = {

/* Begin PBXBuildFile section */
		9E13F8733004711C000A60D7 /* Yams in Frameworks */ = {isa = PBXBuildFile; productRef = 9E13F8753004711C000A60D7 /* Yams */; };
		9F1E11A7300410D6000A60D7 /* ArgumentParser in Frameworks */ = {isa = PBXBuildFile; productRef = 9F1E11A9300410D6000A60D7 /* ArgumentParser */; };
		A10000000000000000000011 /* libSwiftPkgCore.a in Frameworks */ = {isa = PBXBuildFile; fileRef = A10000000000000000000003 /* libSwiftPkgCore.a */; };
		A10000000000000000000012 /* libSwiftPkgCore.a in Frameworks */ = {isa = PBXBuildFile; fileRef = A10000000000000000000003 /* libSwiftPkgCore.a */; };
/* End PBXBuildFile section */

/* Begin PBXContainerItemProxy section */
		A10000000000000000000021 /* PBXContainerItemProxy */ = {
			isa = PBXContainerItemProxy;
			containerPortal = 9E13F8613004711C000A60D7 /* Project object */;
			proxyType = 1;
			remoteGlobalIDString = A10000000000000000000031;
			remoteInfo = SwiftPkgCore;
		};
		A10000000000000000000022 /* PBXContainerItemProxy */ = {
			isa = PBXContainerItemProxy;
			containerPortal = 9E13F8613004711C000A60D7 /* Project object */;
			proxyType = 1;
			remoteGlobalIDString = A10000000000000000000031;
			remoteInfo = SwiftPkgCore;
		};
/* End PBXContainerItemProxy section */

/* Begin PBXCopyFilesBuildPhase section */
		9E13F8673004711C000A60D7 /* CopyFiles */ = {
			isa = PBXCopyFilesBuildPhase;
			buildActionMask = 2147483647;
			dstPath = /usr/share/man/man1/;
			dstSubfolderSpec = 0;
			files = (
			);
			runOnlyForDeploymentPostprocessing = 1;
		};
/* End PBXCopyFilesBuildPhase section */

/* Begin PBXFileReference section */
		9E13F8693004711C000A60D7 /* swiftpkg */ = {isa = PBXFileReference; explicitFileType = "compiled.mach-o.executable"; includeInIndex = 0; path = swiftpkg; sourceTree = BUILT_PRODUCTS_DIR; };
		A10000000000000000000003 /* libSwiftPkgCore.a */ = {isa = PBXFileReference; explicitFileType = archive.ar; includeInIndex = 0; path = libSwiftPkgCore.a; sourceTree = BUILT_PRODUCTS_DIR; };
		A10000000000000000000004 /* Swiftpkgr.app */ = {isa = PBXFileReference; explicitFileType = wrapper.application; includeInIndex = 0; path = Swiftpkgr.app; sourceTree = BUILT_PRODUCTS_DIR; };
/* End PBXFileReference section */

/* Begin PBXFileSystemSynchronizedBuildFileExceptionSet section */
		9EDD37C7300B19C600577931 /* Exceptions for "swiftpkg" folder in "Swiftpkgr" target */ = {
			isa = PBXFileSystemSynchronizedBuildFileExceptionSet;
			membershipExceptions = (
				AppIcon.icon,
			);
			target = A10000000000000000000032 /* Swiftpkgr */;
		};
/* End PBXFileSystemSynchronizedBuildFileExceptionSet section */

/* Begin PBXFileSystemSynchronizedRootGroup section */
		9E13F86B3004711C000A60D7 /* swiftpkg */ = {
			isa = PBXFileSystemSynchronizedRootGroup;
			exceptions = (
				9EDD37C7300B19C600577931 /* Exceptions for "swiftpkg" folder in "Swiftpkgr" target */,
			);
			path = swiftpkg;
			sourceTree = "<group>";
		};
		A10000000000000000000001 /* swiftpkgCLI */ = {
			isa = PBXFileSystemSynchronizedRootGroup;
			path = swiftpkgCLI;
			sourceTree = "<group>";
		};
		A10000000000000000000002 /* Swiftpkgr */ = {
			isa = PBXFileSystemSynchronizedRootGroup;
			path = Swiftpkgr;
			sourceTree = "<group>";
		};
/* End PBXFileSystemSynchronizedRootGroup section */

/* Begin PBXFrameworksBuildPhase section */
		9E13F8663004711C000A60D7 /* Frameworks */ = {
			isa = PBXFrameworksBuildPhase;
			buildActionMask = 2147483647;
			files = (
				A10000000000000000000011 /* libSwiftPkgCore.a in Frameworks */,
				9F1E11A7300410D6000A60D7 /* ArgumentParser in Frameworks */,
			);
			runOnlyForDeploymentPostprocessing = 0;
		};
		A10000000000000000000041 /* Frameworks */ = {
			isa = PBXFrameworksBuildPhase;
			buildActionMask = 2147483647;
			files = (
				9E13F8733004711C000A60D7 /* Yams in Frameworks */,
			);
			runOnlyForDeploymentPostprocessing = 0;
		};
		A10000000000000000000042 /* Frameworks */ = {
			isa = PBXFrameworksBuildPhase;
			buildActionMask = 2147483647;
			files = (
				A10000000000000000000012 /* libSwiftPkgCore.a in Frameworks */,
			);
			runOnlyForDeploymentPostprocessing = 0;
		};
/* End PBXFrameworksBuildPhase section */

/* Begin PBXGroup section */
		9E13F8603004711C000A60D7 = {
			isa = PBXGroup;
			children = (
				9E13F86B3004711C000A60D7 /* swiftpkg */,
				A10000000000000000000001 /* swiftpkgCLI */,
				A10000000000000000000002 /* Swiftpkgr */,
				9E13F86A3004711C000A60D7 /* Products */,
			);
			sourceTree = "<group>";
		};
		9E13F86A3004711C000A60D7 /* Products */ = {
			isa = PBXGroup;
			children = (
				A10000000000000000000003 /* libSwiftPkgCore.a */,
				9E13F8693004711C000A60D7 /* swiftpkg */,
				A10000000000000000000004 /* Swiftpkgr.app */,
			);
			name = Products;
			sourceTree = "<group>";
		};
/* End PBXGroup section */

/* Begin PBXNativeTarget section */
		9E13F8683004711C000A60D7 /* swiftpkg */ = {
			isa = PBXNativeTarget;
			buildConfigurationList = 9E13F8703004711C000A60D7 /* Build configuration list for PBXNativeTarget "swiftpkg" */;
			buildPhases = (
				9E13F8653004711C000A60D7 /* Sources */,
				9E13F8663004711C000A60D7 /* Frameworks */,
				9E13F8673004711C000A60D7 /* CopyFiles */,
			);
			buildRules = (
			);
			dependencies = (
				A10000000000000000000061 /* PBXTargetDependency */,
			);
			fileSystemSynchronizedGroups = (
				A10000000000000000000001 /* swiftpkgCLI */,
			);
			name = swiftpkg;
			packageProductDependencies = (
				9F1E11A9300410D6000A60D7 /* ArgumentParser */,
			);
			productName = swiftpkg;
			productReference = 9E13F8693004711C000A60D7 /* swiftpkg */;
			productType = "com.apple.product-type.tool";
		};
		A10000000000000000000031 /* SwiftPkgCore */ = {
			isa = PBXNativeTarget;
			buildConfigurationList = A10000000000000000000051 /* Build configuration list for PBXNativeTarget "SwiftPkgCore" */;
			buildPhases = (
				A10000000000000000000043 /* Sources */,
				A10000000000000000000041 /* Frameworks */,
			);
			buildRules = (
			);
			dependencies = (
			);
			fileSystemSynchronizedGroups = (
				9E13F86B3004711C000A60D7 /* swiftpkg */,
			);
			name = SwiftPkgCore;
			packageProductDependencies = (
				9E13F8753004711C000A60D7 /* Yams */,
			);
			productName = SwiftPkgCore;
			productReference = A10000000000000000000003 /* libSwiftPkgCore.a */;
			productType = "com.apple.product-type.library.static";
		};
		A10000000000000000000032 /* Swiftpkgr */ = {
			isa = PBXNativeTarget;
			buildConfigurationList = A10000000000000000000052 /* Build configuration list for PBXNativeTarget "Swiftpkgr" */;
			buildPhases = (
				A10000000000000000000044 /* Sources */,
				A10000000000000000000042 /* Frameworks */,
				A10000000000000000000045 /* Resources */,
			);
			buildRules = (
			);
			dependencies = (
				A10000000000000000000062 /* PBXTargetDependency */,
			);
			fileSystemSynchronizedGroups = (
				A10000000000000000000002 /* Swiftpkgr */,
			);
			name = Swiftpkgr;
			packageProductDependencies = (
			);
			productName = Swiftpkgr;
			productReference = A10000000000000000000004 /* Swiftpkgr.app */;
			productType = "com.apple.product-type.application";
		};
/* End PBXNativeTarget section */

/* Begin PBXProject section */
		9E13F8613004711C000A60D7 /* Project object */ = {
			isa = PBXProject;
			attributes = {
				BuildIndependentTargetsInParallel = 1;
				LastSwiftUpdateCheck = 2650;
				LastUpgradeCheck = 2700;
				TargetAttributes = {
					9E13F8683004711C000A60D7 = {
						CreatedOnToolsVersion = 26.5;
					};
					A10000000000000000000031 = {
						CreatedOnToolsVersion = 26.5;
					};
					A10000000000000000000032 = {
						CreatedOnToolsVersion = 26.5;
					};
				};
			};
			buildConfigurationList = 9E13F8643004711C000A60D7 /* Build configuration list for PBXProject "swiftpkg" */;
			developmentRegion = en;
			hasScannedForEncodings = 0;
			knownRegions = (
				en,
				Base,
			);
			mainGroup = 9E13F8603004711C000A60D7;
			minimizedProjectReferenceProxies = 1;
			packageReferences = (
				9F1E11A8300410D6000A60D7 /* XCRemoteSwiftPackageReference "swift-argument-parser" */,
				9E13F8743004711C000A60D7 /* XCRemoteSwiftPackageReference "Yams" */,
			);
			preferredProjectObjectVersion = 77;
			productRefGroup = 9E13F86A3004711C000A60D7 /* Products */;
			projectDirPath = "";
			projectRoot = "";
			targets = (
				A10000000000000000000031 /* SwiftPkgCore */,
				9E13F8683004711C000A60D7 /* swiftpkg */,
				A10000000000000000000032 /* Swiftpkgr */,
			);
		};
/* End PBXProject section */

/* Begin PBXResourcesBuildPhase section */
		A10000000000000000000045 /* Resources */ = {
			isa = PBXResourcesBuildPhase;
			buildActionMask = 2147483647;
			files = (
			);
			runOnlyForDeploymentPostprocessing = 0;
		};
/* End PBXResourcesBuildPhase section */

/* Begin PBXSourcesBuildPhase section */
		9E13F8653004711C000A60D7 /* Sources */ = {
			isa = PBXSourcesBuildPhase;
			buildActionMask = 2147483647;
			files = (
			);
			runOnlyForDeploymentPostprocessing = 0;
		};
		A10000000000000000000043 /* Sources */ = {
			isa = PBXSourcesBuildPhase;
			buildActionMask = 2147483647;
			files = (
			);
			runOnlyForDeploymentPostprocessing = 0;
		};
		A10000000000000000000044 /* Sources */ = {
			isa = PBXSourcesBuildPhase;
			buildActionMask = 2147483647;
			files = (
			);
			runOnlyForDeploymentPostprocessing = 0;
		};
/* End PBXSourcesBuildPhase section */

/* Begin PBXTargetDependency section */
		A10000000000000000000061 /* PBXTargetDependency */ = {
			isa = PBXTargetDependency;
			target = A10000000000000000000031 /* SwiftPkgCore */;
			targetProxy = A10000000000000000000021 /* PBXContainerItemProxy */;
		};
		A10000000000000000000062 /* PBXTargetDependency */ = {
			isa = PBXTargetDependency;
			target = A10000000000000000000031 /* SwiftPkgCore */;
			targetProxy = A10000000000000000000022 /* PBXContainerItemProxy */;
		};
/* End PBXTargetDependency section */

/* Begin XCBuildConfiguration section */
		9E13F86E3004711C000A60D7 /* Debug */ = {
			isa = XCBuildConfiguration;
			buildSettings = {
				ALWAYS_SEARCH_USER_PATHS = NO;
				ASSETCATALOG_COMPILER_GENERATE_SWIFT_ASSET_SYMBOL_EXTENSIONS = YES;
				CLANG_ANALYZER_NONNULL = YES;
				CLANG_ANALYZER_NUMBER_OBJECT_CONVERSION = YES_AGGRESSIVE;
				CLANG_CXX_LANGUAGE_STANDARD = "gnu++20";
				CLANG_ENABLE_MODULES = YES;
				CLANG_ENABLE_OBJC_ARC = YES;
				CLANG_ENABLE_OBJC_WEAK = YES;
				CLANG_WARN_BLOCK_CAPTURE_AUTORELEASING = YES;
				CLANG_WARN_BOOL_CONVERSION = YES;
				CLANG_WARN_COMMA = YES;
				CLANG_WARN_CONSTANT_CONVERSION = YES;
				CLANG_WARN_DEPRECATED_OBJC_IMPLEMENTATIONS = YES;
				CLANG_WARN_DIRECT_OBJC_ISA_USAGE = YES_ERROR;
				CLANG_WARN_DOCUMENTATION_COMMENTS = YES;
				CLANG_WARN_EMPTY_BODY = YES;
				CLANG_WARN_ENUM_CONVERSION = YES;
				CLANG_WARN_INFINITE_RECURSION = YES;
				CLANG_WARN_INT_CONVERSION = YES;
				CLANG_WARN_NON_LITERAL_NULL_CONVERSION = YES;
				CLANG_WARN_OBJC_IMPLICIT_RETAIN_SELF = YES;
				CLANG_WARN_OBJC_LITERAL_CONVERSION = YES;
				CLANG_WARN_OBJC_ROOT_CLASS = YES_ERROR;
				CLANG_WARN_QUOTED_INCLUDE_IN_FRAMEWORK_HEADER = YES;
				CLANG_WARN_RANGE_LOOP_ANALYSIS = YES;
				CLANG_WARN_STRICT_PROTOTYPES = YES;
				CLANG_WARN_SUSPICIOUS_MOVE = YES;
				CLANG_WARN_UNGUARDED_AVAILABILITY = YES_AGGRESSIVE;
				CLANG_WARN_UNREACHABLE_CODE = YES;
				CLANG_WARN__DUPLICATE_METHOD_MATCH = YES;
				COPY_PHASE_STRIP = NO;
				DEAD_CODE_STRIPPING = YES;
				DEBUG_INFORMATION_FORMAT = dwarf;
				DEVELOPMENT_TEAM = SERIAL0000;
				ENABLE_STRICT_OBJC_MSGSEND = YES;
				ENABLE_TESTABILITY = YES;
				ENABLE_USER_SCRIPT_SANDBOXING = YES;
				GCC_C_LANGUAGE_STANDARD = gnu17;
				GCC_DYNAMIC_NO_PIC = NO;
				GCC_NO_COMMON_BLOCKS = YES;
				GCC_OPTIMIZATION_LEVEL = 0;
				GCC_PREPROCESSOR_DEFINITIONS = (
					"DEBUG=1",
					"$(inherited)",
				);
				GCC_WARN_64_TO_32_BIT_CONVERSION = YES;
				GCC_WARN_ABOUT_RETURN_TYPE = YES_ERROR;
				GCC_WARN_UNDECLARED_SELECTOR = YES;
				GCC_WARN_UNINITIALIZED_AUTOS = YES_AGGRESSIVE;
				GCC_WARN_UNUSED_FUNCTION = YES;
				GCC_WARN_UNUSED_VARIABLE = YES;
				LOCALIZATION_PREFERS_STRING_CATALOGS = YES;
				MACOSX_DEPLOYMENT_TARGET = 13.0;
				MTL_ENABLE_DEBUG_INFO = INCLUDE_SOURCE;
				MTL_FAST_MATH = YES;
				ONLY_ACTIVE_ARCH = YES;
				SDKROOT = macosx;
				STRING_CATALOG_GENERATE_SYMBOLS = YES;
				SWIFT_ACTIVE_COMPILATION_CONDITIONS = "DEBUG $(inherited)";
				SWIFT_OPTIMIZATION_LEVEL = "-Onone";
			};
			name = Debug;
		};
		9E13F86F3004711C000A60D7 /* Release */ = {
			isa = XCBuildConfiguration;
			buildSettings = {
				ALWAYS_SEARCH_USER_PATHS = NO;
				ASSETCATALOG_COMPILER_GENERATE_SWIFT_ASSET_SYMBOL_EXTENSIONS = YES;
				CLANG_ANALYZER_NONNULL = YES;
				CLANG_ANALYZER_NUMBER_OBJECT_CONVERSION = YES_AGGRESSIVE;
				CLANG_CXX_LANGUAGE_STANDARD = "gnu++20";
				CLANG_ENABLE_MODULES = YES;
				CLANG_ENABLE_OBJC_ARC = YES;
				CLANG_ENABLE_OBJC_WEAK = YES;
				CLANG_WARN_BLOCK_CAPTURE_AUTORELEASING = YES;
				CLANG_WARN_BOOL_CONVERSION = YES;
				CLANG_WARN_COMMA = YES;
				CLANG_WARN_CONSTANT_CONVERSION = YES;
				CLANG_WARN_DEPRECATED_OBJC_IMPLEMENTATIONS = YES;
				CLANG_WARN_DIRECT_OBJC_ISA_USAGE = YES_ERROR;
				CLANG_WARN_DOCUMENTATION_COMMENTS = YES;
				CLANG_WARN_EMPTY_BODY = YES;
				CLANG_WARN_ENUM_CONVERSION = YES;
				CLANG_WARN_INFINITE_RECURSION = YES;
				CLANG_WARN_INT_CONVERSION = YES;
				CLANG_WARN_NON_LITERAL_NULL_CONVERSION = YES;
				CLANG_WARN_OBJC_IMPLICIT_RETAIN_SELF = YES;
				CLANG_WARN_OBJC_LITERAL_CONVERSION = YES;
				CLANG_WARN_OBJC_ROOT_CLASS = YES_ERROR;
				CLANG_WARN_QUOTED_INCLUDE_IN_FRAMEWORK_HEADER = YES;
				CLANG_WARN_RANGE_LOOP_ANALYSIS = YES;
				CLANG_WARN_STRICT_PROTOTYPES = YES;
				CLANG_WARN_SUSPICIOUS_MOVE = YES;
				CLANG_WARN_UNGUARDED_AVAILABILITY = YES_AGGRESSIVE;
				CLANG_WARN_UNREACHABLE_CODE = YES;
				CLANG_WARN__DUPLICATE_METHOD_MATCH = YES;
				COPY_PHASE_STRIP = NO;
				DEAD_CODE_STRIPPING = YES;
				DEBUG_INFORMATION_FORMAT = "dwarf-with-dsym";
				DEVELOPMENT_TEAM = SERIAL0000;
				ENABLE_NS_ASSERTIONS = NO;
				ENABLE_STRICT_OBJC_MSGSEND = YES;
				ENABLE_USER_SCRIPT_SANDBOXING = YES;
				GCC_C_LANGUAGE_STANDARD = gnu17;
				GCC_NO_COMMON_BLOCKS = YES;
				GCC_WARN_64_TO_32_BIT_CONVERSION = YES;
				GCC_WARN_ABOUT_RETURN_TYPE = YES_ERROR;
				GCC_WARN_UNDECLARED_SELECTOR = YES;
				GCC_WARN_UNINITIALIZED_AUTOS = YES_AGGRESSIVE;
				GCC_WARN_UNUSED_FUNCTION = YES;
				GCC_WARN_UNUSED_VARIABLE = YES;
				LOCALIZATION_PREFERS_STRING_CATALOGS = YES;
				MACOSX_DEPLOYMENT_TARGET = 13.0;
				MTL_ENABLE_DEBUG_INFO = NO;
				MTL_FAST_MATH = YES;
				SDKROOT = macosx;
				STRING_CATALOG_GENERATE_SYMBOLS = YES;
				SWIFT_COMPILATION_MODE = wholemodule;
			};
			name = Release;
		};
		9E13F8713004711C000A60D7 /* Debug */ = {
			isa = XCBuildConfiguration;
			buildSettings = {
				CODE_SIGN_STYLE = Automatic;
				DEAD_CODE_STRIPPING = YES;
				DEVELOPMENT_TEAM = SERIAL0000;
				ENABLE_HARDENED_RUNTIME = YES;
				MACOSX_DEPLOYMENT_TARGET = 13.0;
				PRODUCT_BUNDLE_IDENTIFIER = com.codecarton.swiftpkg;
				PRODUCT_NAME = "$(TARGET_NAME)";
				SWIFT_APPROACHABLE_CONCURRENCY = YES;
				SWIFT_STRICT_CONCURRENCY = complete;
				SWIFT_UPCOMING_FEATURE_MEMBER_IMPORT_VISIBILITY = YES;
				SWIFT_VERSION = 6.0;
			};
			name = Debug;
		};
		9E13F8723004711C000A60D7 /* Release */ = {
			isa = XCBuildConfiguration;
			buildSettings = {
				CODE_SIGN_STYLE = Automatic;
				DEAD_CODE_STRIPPING = YES;
				DEVELOPMENT_TEAM = SERIAL0000;
				ENABLE_HARDENED_RUNTIME = YES;
				MACOSX_DEPLOYMENT_TARGET = 13.0;
				PRODUCT_BUNDLE_IDENTIFIER = com.codecarton.swiftpkg;
				PRODUCT_NAME = "$(TARGET_NAME)";
				SWIFT_APPROACHABLE_CONCURRENCY = YES;
				SWIFT_STRICT_CONCURRENCY = complete;
				SWIFT_UPCOMING_FEATURE_MEMBER_IMPORT_VISIBILITY = YES;
				SWIFT_VERSION = 6.0;
			};
			name = Release;
		};
		A10000000000000000000071 /* Debug */ = {
			isa = XCBuildConfiguration;
			buildSettings = {
				CODE_SIGNING_ALLOWED = NO;
				MACOSX_DEPLOYMENT_TARGET = 13.0;
				PRODUCT_NAME = "$(TARGET_NAME)";
				SKIP_INSTALL = YES;
				SWIFT_STRICT_CONCURRENCY = complete;
				SWIFT_VERSION = 6.0;
			};
			name = Debug;
		};
		A10000000000000000000072 /* Release */ = {
			isa = XCBuildConfiguration;
			buildSettings = {
				CODE_SIGNING_ALLOWED = NO;
				MACOSX_DEPLOYMENT_TARGET = 13.0;
				PRODUCT_NAME = "$(TARGET_NAME)";
				SKIP_INSTALL = YES;
				SWIFT_STRICT_CONCURRENCY = complete;
				SWIFT_VERSION = 6.0;
			};
			name = Release;
		};
		A10000000000000000000073 /* Debug */ = {
			isa = XCBuildConfiguration;
			buildSettings = {
				ASSETCATALOG_COMPILER_APPICON_NAME = AppIcon;
				CODE_SIGN_STYLE = Automatic;
				CURRENT_PROJECT_VERSION = 2;
				DEVELOPMENT_TEAM = SERIAL0000;
				ENABLE_APP_SANDBOX = NO;
				ENABLE_HARDENED_RUNTIME = YES;
				GENERATE_INFOPLIST_FILE = YES;
				INFOPLIST_KEY_CFBundleDisplayName = Swiftpkgr;
				LD_RUNPATH_SEARCH_PATHS = (
					"$(inherited)",
					"@executable_path/../Frameworks",
				);
				MACOSX_DEPLOYMENT_TARGET = 15.0;
				MARKETING_VERSION = 0.3.0;
				PRODUCT_BUNDLE_IDENTIFIER = com.codecarton.Swiftpkgr;
				PRODUCT_NAME = "$(TARGET_NAME)";
				SWIFT_DEFAULT_ACTOR_ISOLATION = MainActor;
				SWIFT_STRICT_CONCURRENCY = complete;
				SWIFT_VERSION = 6.0;
			};
			name = Debug;
		};
		A10000000000000000000074 /* Release */ = {
			isa = XCBuildConfiguration;
			buildSettings = {
				ASSETCATALOG_COMPILER_APPICON_NAME = AppIcon;
				CODE_SIGN_STYLE = Automatic;
				CURRENT_PROJECT_VERSION = 2;
				DEVELOPMENT_TEAM = SERIAL0000;
				ENABLE_APP_SANDBOX = NO;
				ENABLE_HARDENED_RUNTIME = YES;
				GENERATE_INFOPLIST_FILE = YES;
				INFOPLIST_KEY_CFBundleDisplayName = Swiftpkgr;
				LD_RUNPATH_SEARCH_PATHS = (
					"$(inherited)",
					"@executable_path/../Frameworks",
				);
				MACOSX_DEPLOYMENT_TARGET = 15.0;
				MARKETING_VERSION = 0.3.0;
				PRODUCT_BUNDLE_IDENTIFIER = com.codecarton.Swiftpkgr;
				PRODUCT_NAME = "$(TARGET_NAME)";
				SWIFT_DEFAULT_ACTOR_ISOLATION = MainActor;
				SWIFT_STRICT_CONCURRENCY = complete;
				SWIFT_VERSION = 6.0;
			};
			name = Release;
		};
/* End XCBuildConfiguration section */

/* Begin XCConfigurationList section */
		9E13F8643004711C000A60D7 /* Build configuration list for PBXProject "swiftpkg" */ = {
			isa = XCConfigurationList;
			buildConfigurations = (
				9E13F86E3004711C000A60D7 /* Debug */,
				9E13F86F3004711C000A60D7 /* Release */,
			);
			defaultConfigurationIsVisible = 0;
			defaultConfigurationName = Release;
		};
		9E13F8703004711C000A60D7 /* Build configuration list for PBXNativeTarget "swiftpkg" */ = {
			isa = XCConfigurationList;
			buildConfigurations = (
				9E13F8713004711C000A60D7 /* Debug */,
				9E13F8723004711C000A60D7 /* Release */,
			);
			defaultConfigurationIsVisible = 0;
			defaultConfigurationName = Release;
		};
		A10000000000000000000051 /* Build configuration list for PBXNativeTarget "SwiftPkgCore" */ = {
			isa = XCConfigurationList;
			buildConfigurations = (
				A10000000000000000000071 /* Debug */,
				A10000000000000000000072 /* Release */,
			);
			defaultConfigurationIsVisible = 0;
			defaultConfigurationName = Release;
		};
		A10000000000000000000052 /* Build configuration list for PBXNativeTarget "Swiftpkgr" */ = {
			isa = XCConfigurationList;
			buildConfigurations = (
				A10000000000000000000073 /* Debug */,
				A10000000000000000000074 /* Release */,
			);
			defaultConfigurationIsVisible = 0;
			defaultConfigurationName = Release;
		};
/* End XCConfigurationList section */

/* Begin XCRemoteSwiftPackageReference section */
		9E13F8743004711C000A60D7 /* XCRemoteSwiftPackageReference "Yams" */ = {
			isa = XCRemoteSwiftPackageReference;
			repositoryURL = "https://github.com/jpsim/Yams.git";
			requirement = {
				kind = upToNextMajorVersion;
				minimumVersion = 6.2.2;
			};
		};
		9F1E11A8300410D6000A60D7 /* XCRemoteSwiftPackageReference "swift-argument-parser" */ = {
			isa = XCRemoteSwiftPackageReference;
			repositoryURL = "https://github.com/apple/swift-argument-parser";
			requirement = {
				kind = upToNextMajorVersion;
				minimumVersion = 1.7.0;
			};
		};
/* End XCRemoteSwiftPackageReference section */

/* Begin XCSwiftPackageProductDependency section */
		9E13F8753004711C000A60D7 /* Yams */ = {
			isa = XCSwiftPackageProductDependency;
			package = 9E13F8743004711C000A60D7 /* XCRemoteSwiftPackageReference "Yams" */;
			productName = Yams;
		};
		9F1E11A9300410D6000A60D7 /* ArgumentParser */ = {
			isa = XCSwiftPackageProductDependency;
			package = 9F1E11A8300410D6000A60D7 /* XCRemoteSwiftPackageReference "swift-argument-parser" */;
			productName = ArgumentParser;
		};
/* End XCSwiftPackageProductDependency section */
	};
	rootObject = 9E13F8613004711C000A60D7 /* Project object */;
}
